// !$*UTF8*$!
{
	archiveVersion = 1;
	classes = {
	};
	objectVersion = 46;
	objects = {

/* Begin PBXBuildFile section */
		AA0DCAE61C805EFA00CEE9E2 /* rainsensor.cpp in Sources */ = {isa = PBXBuildFile; fileRef = AA0DCAE51C805EFA00CEE9E2 /* rainsensor.cpp */; };
		AA0DCAED1C805FD100CEE9E2 /* libGPIO.dylib in Frameworks */ = {isa = PBXBuildFile; fileRef = AA0DCAE41C805ECF00CEE9E2 /* libGPIO.dylib */; };
/* End PBXBuildFile section */

/* Begin PBXContainerItemProxy section */
		AA0DCAE31C805ECF00CEE9E2 /* PBXContainerItemProxy */ = {
			isa = PBXContainerItemProxy;
			containerPortal = AA0DCADF1C805ECF00CEE9E2 /* GPIO.xcodeproj */;
			proxyType = 2;
			remoteGlobalIDString = AA04BF391C6B808900D4449B;
			remoteInfo = GPIO;
		};
		AA0DCAEA1C805F9700CEE9E2 /* PBXContainerItemProxy */ = {
			isa = PBXContainerItemProxy;
			containerPortal = AA0DCADF1C805ECF00CEE9E2 /* GPIO.xcodeproj */;
			proxyType = 1;
			remoteGlobalIDString = AA04BF381C6B808900D4449B;
			remoteInfo = GPIO;
		};
/* End PBXContainerItemProxy section */

/* Begin PBXCopyFilesBuildPhase section */
		AA0DCAD31C805EB300CEE9E2 /* CopyFiles */ = {
			isa = PBXCopyFilesBuildPhase;
			buildActionMask = 2147483647;
			dstPath = /usr/share/man/man1/;
			dstSubfolderSpec = 0;
			files = (
			);
			runOnlyForDeploymentPostprocessing = 1;
		};
/* End PBXCopyFilesBuildPhase section */

/* Begin PBXFileReference section */
		AA0DCAD51C805EB300CEE9E2 /* rainsensor */ = {isa = PBXFileReference; explicitFileType = "compiled.mach-o.executable"; includeInIndex = 0; path = rainsensor; sourceTree = BUILT_PRODUCTS_DIR; };
		AA0DCADF1C805ECF00CEE9E2 /* GPIO.xcodeproj */ = {isa = PBXFileReference; lastKnownFileType = "wrapper.pb-project"; name = GPIO.xcodeproj; path = ../../raspi/GPIO/GPIO/GPIO.xcodeproj; sourceTree = "<group>"; };
		AA0DCAE51C805EFA00CEE9E2 /* rainsensor.cpp */ = {isa = PBXFileReference; fileEncoding = 4; lastKnownFileType = sourcecode.cpp.cpp; path = rainsensor.cpp; sourceTree = "<group>"; };
/* End PBXFileReference section */

/* Begin PBXFrameworksBuildPhase section */
		AA0DCAD21C805EB300CEE9E2 /* Frameworks */ = {
			isa = PBXFrameworksBuildPhase;
			buildActionMask = 2147483647;
			files = (
				AA0DCAED1C805FD100CEE9E2 /* libGPIO.dylib in Frameworks */,
			);
			runOnlyForDeploymentPostprocessing = 0;
		};
/* End PBXFrameworksBuildPhase section */

/* Begin PBXGroup section */
		AA0DCACC1C805EB300CEE9E2 = {
			isa = PBXGroup;
			children = (
				AA0DCADF1C805ECF00CEE9E2 /* GPIO.xcodeproj */,
				AA0DCAD71C805EB300CEE9E2 /* rainsensor */,
				AA0DCAD61C805EB300CEE9E2 /* Products */,
			);
			sourceTree = "<group>";
		};
		AA0DCAD61C805EB300CEE9E2 /* Products */ = {
			isa = PBXGroup;
			children = (
				AA0DCAD51C805EB300CEE9E2 /* rainsensor */,
			);
			name = Products;
			sourceTree = "<group>";
		};
		AA0DCAD71C805EB300CEE9E2 /* rainsensor */ = {
			isa = PBXGroup;
			children = (
				AA0DCAE51C805EFA00CEE9E2 /* rainsensor.cpp */,
			);
			path = rainsensor;
			sourceTree = "<group>";
		};
		AA0DCAE01C805ECF00CEE9E2 /* Products */ = {
			isa = PBXGroup;
			children = (
				AA0DCAE41C805ECF00CEE9E2 /* libGPIO.dylib */,
			);
			name = Products;
			sourceTree = "<group>";
		};
/* End PBXGroup section */

/* Begin PBXNativeTarget section */
		AA0DCAD41C805EB300CEE9E2 /* rainsensor */ = {
			isa = PBXNativeTarget;
			buildConfigurationList = AA0DCADC1C805EB300CEE9E2 /* Build configuration list for PBXNativeTarget "rainsensor" */;
			buildPhases = (
				AA0DCAD11C805EB300CEE9E2 /* Sources */,
				AA0DCAD21C805EB300CEE9E2 /* Frameworks */,
				AA0DCAD31C805EB300CEE9E2 /* CopyFiles */,
			);
			buildRules = (
			);
			dependencies = (
				AA0DCAEB1C805F9700CEE9E2 /* PBXTargetDependency */,
			);
			name = rainsensor;
			productName = rainsensor;
			productReference = AA0DCAD51C805EB300CEE9E2 /* rainsensor */;
			productType = "com.apple.product-type.tool";
		};
/* End PBXNativeTarget section */

/* Begin PBXProject section */
		AA0DCACD1C805EB300CEE9E2 /* Project object */ = {
			isa = PBXProject;
			attributes = {
				LastUpgradeCheck = 0720;
				ORGANIZATIONNAME = "Joachim Schurig";
				TargetAttributes = {
					AA0DCAD41C805EB300CEE9E2 = {
						CreatedOnToolsVersion = 7.2.1;
					};
				};
			};
			buildConfigurationList = AA0DCAD01C805EB300CEE9E2 /* Build configuration list for PBXProject "rainsensor" */;
			compatibilityVersion = "Xcode 3.2";
			developmentRegion = English;
			hasScannedForEncodings = 0;
			knownRegions = (
				en,
			);
			mainGroup = AA0DCACC1C805EB300CEE9E2;
			productRefGroup = AA0DCAD61C805EB300CEE9E2 /* Products */;
			projectDirPath = "";
			projectReferences = (
				{
					ProductGroup = AA0DCAE01C805ECF00CEE9E2 /* Products */;
					ProjectRef = AA0DCADF1C805ECF00CEE9E2 /* GPIO.xcodeproj */;
				},
			);
			projectRoot = "";
			targets = (
				AA0DCAD41C805EB300CEE9E2 /* rainsensor */,
			);
		};
/* End PBXProject section */

/* Begin PBXReferenceProxy section */
		AA0DCAE41C805ECF00CEE9E2 /* libGPIO.dylib */ = {
			isa = PBXReferenceProxy;
			fileType = archive.ar;
			path = libGPIO.dylib;
			remoteRef = AA0DCAE31C805ECF00CEE9E2 /* PBXContainerItemProxy */;
			sourceTree = BUILT_PRODUCTS_DIR;
		};
/* End PBXReferenceProxy section */

/* Begin PBXSourcesBuildPhase section */
		AA0DCAD11C805EB300CEE9E2 /* Sources */ = {
			isa = PBXSourcesBuildPhase;
			buildActionMask = 2147483647;
			files = (
				AA0DCAE61C805EFA00CEE9E2 /* rainsensor.cpp in Sources */,
			);
			runOnlyForDeploymentPostprocessing = 0;
		};
/* End PBXSourcesBuildPhase section */

/* Begin PBXTargetDependency section */
		AA0DCAEB1C805F9700CEE9E2 /* PBXTargetDependency */ = {
			isa = PBXTargetDependency;
			name = GPIO;
			targetProxy = AA0DCAEA1C805F9700CEE9E2 /* PBXContainerItemProxy */;
		};
/* End PBXTargetDependency section */

/* Begin XCBuildConfiguration section */
		AA0DCADA1C805EB300CEE9E2 /* Debug */ = {
			isa = XCBuildConfiguration;
			buildSettings = {
				ALWAYS_SEARCH_USER_PATHS = NO;
				CLANG_CXX_LANGUAGE_STANDARD = "gnu++0x";
				CLANG_CXX_LIBRARY = "libc++";
				CLANG_ENABLE_MODULES = YES;
				CLANG_ENABLE_OBJC_ARC = YES;
				CLANG_WARN_BOOL_CONVERSION = YES;
				CLANG_WARN_CONSTANT_CONVERSION = YES;
				CLANG_WARN_DIRECT_OBJC_ISA_USAGE = YES_ERROR;
				CLANG_WARN_EMPTY_BODY = YES;
				CLANG_WARN_ENUM_CONVERSION = YES;
				CLANG_WARN_INT_CONVERSION = YES;
				CLANG_WARN_OBJC_ROOT_CLASS = YES_ERROR;
				CLANG_WARN_UNREACHABLE_CODE = YES;
				CLANG_WARN__DUPLICATE_METHOD_MATCH = YES;
				CODE_SIGN_IDENTITY = "-";
				COPY_PHASE_STRIP = NO;
				DEBUG_INFORMATION_FORMAT = dwarf;
				ENABLE_STRICT_OBJC_MSGSEND = YES;
				ENABLE_TESTABILITY = YES;
				GCC_C_LANGUAGE_STANDARD = gnu99;
				GCC_DYNAMIC_NO_PIC = NO;
				GCC_NO_COMMON_BLOCKS = YES;
				GCC_OPTIMIZATION_LEVEL = 0;
				GCC_PREPROCESSOR_DEFINITIONS = (
					"DEBUG=1",
					"$(inherited)",
				);
				GCC_WARN_64_TO_32_BIT_CONVERSION = YES;
				GCC_WARN_ABOUT_RETURN_TYPE = YES_ERROR;
				GCC_WARN_UNDECLARED_SELECTOR = YES;
				GCC_WARN_UNINITIALIZED_AUTOS = YES_AGGRESSIVE;
				GCC_WARN_UNUSED_FUNCTION = YES;
				GCC_WARN_UNUSED_VARIABLE = YES;
				"HEADER_SEARCH_PATHS[arch=*]" = /Users/joachim/raspi/GPIO/GPIO/GPIO/include;
				MACOSX_DEPLOYMENT_TARGET = 10.11;
				MTL_ENABLE_DEBUG_INFO = YES;
				ONLY_ACTIVE_ARCH = YES;
				SDKROOT = macosx;
			};
			name = Debug;
		};
		AA0DCADB1C805EB300CEE9E2 /* Release */ = {
			isa = XCBuildConfiguration;
			buildSettings = {
				ALWAYS_SEARCH_USER_PATHS = NO;
				CLANG_CXX_LANGUAGE_STANDARD = "gnu++0x";
				CLANG_CXX_LIBRARY = "libc++";
				CLANG_ENABLE_MODULES = YES;
				CLANG_ENABLE_OBJC_ARC = YES;
				CLANG_WARN_BOOL_CONVERSION = YES;
				CLANG_WARN_CONSTANT_CONVERSION = YES;
				CLANG_WARN_DIRECT_OBJC_ISA_USAGE = YES_ERROR;
				CLANG_WARN_EMPTY_BODY = YES;
				CLANG_WARN_ENUM_CONVERSION = YES;
				CLANG_WARN_INT_CONVERSION = YES;
				CLANG_WARN_OBJC_ROOT_CLASS = YES_ERROR;
				CLANG_WARN_UNREACHABLE_CODE = YES;
				CLANG_WARN__DUPLICATE_METHOD_MATCH = YES;
				CODE_SIGN_IDENTITY = "-";
				COPY_PHASE_STRIP = NO;
				DEBUG_INFORMATION_FORMAT = "dwarf-with-dsym";
				ENABLE_NS_ASSERTIONS = NO;
				ENABLE_STRICT_OBJC_MSGSEND = YES;
				GCC_C_LANGUAGE_STANDARD = gnu99;
				GCC_NO_COMMON_BLOCKS = YES;
				GCC_WARN_64_TO_32_BIT_CONVERSION = YES;
				GCC_WARN_ABOUT_RETURN_TYPE = YES_ERROR;
				GCC_WARN_UNDECLARED_SELECTOR = YES;
				GCC_WARN_UNINITIALIZED_AUTOS = YES_AGGRESSIVE;
				GCC_WARN_UNUSED_FUNCTION = YES;
				GCC_WARN_UNUSED_VARIABLE = YES;
				"HEADER_SEARCH_PATHS[arch=*]" = /Users/joachim/raspi/GPIO/GPIO/GPIO/include;
				MACOSX_DEPLOYMENT_TARGET = 10.11;
				MTL_ENABLE_DEBUG_INFO = NO;
				SDKROOT = macosx;
			};
			name = Release;
		};
		AA0DCADD1C805EB300CEE9E2 /* Debug */ = {
			isa = XCBuildConfiguration;
			buildSettings = {
				PRODUCT_NAME = "$(TARGET_NAME)";
			};
			name = Debug;
		};
		AA0DCADE1C805EB300CEE9E2 /* Release */ = {
			isa = XCBuildConfiguration;
			buildSettings = {
				PRODUCT_NAME = "$(TARGET_NAME)";
			};
			name = Release;
		};
/* End XCBuildConfiguration section */

/* Begin XCConfigurationList section */
		AA0DCAD01C805EB300CEE9E2 /* Build configuration list for PBXProject "rainsensor" */ = {
			isa = XCConfigurationList;
			buildConfigurations = (
				AA0DCADA1C805EB300CEE9E2 /* Debug */,
				AA0DCADB1C805EB300CEE9E2 /* Release */,
			);
			defaultConfigurationIsVisible = 0;
			defaultConfigurationName = Release;
		};
		AA0DCADC1C805EB300CEE9E2 /* Build configuration list for PBXNativeTarget "rainsensor" */ = {
			isa = XCConfigurationList;
			buildConfigurations = (
				AA0DCADD1C805EB300CEE9E2 /* Debug */,
				AA0DCADE1C805EB300CEE9E2 /* Release */,
			);
			defaultConfigurationIsVisible = 0;
			defaultConfigurationName = Release;
		};
/* End XCConfigurationList section */
	};
	rootObject = AA0DCACD1C805EB300CEE9E2 /* Project object */;
}
